// !$*UTF8*$!
{
	archiveVersion = 1;
	classes = {
	};
	objectVersion = 50;
	objects = {

/* Begin PBXBuildFile section */
		5B4B15E12285C65700188DE3 /* AppDelegate.swift in Sources */ = {isa = PBXBuildFile; fileRef = 5B4B15E02285C65700188DE3 /* AppDelegate.swift */; };
		5B4B15E32285C65700188DE3 /* ViewController.swift in Sources */ = {isa = PBXBuildFile; fileRef = 5B4B15E22285C65700188DE3 /* ViewController.swift */; };
		5B4B15E62285C65700188DE3 /* Main.storyboard in Resources */ = {isa = PBXBuildFile; fileRef = 5B4B15E42285C65700188DE3 /* Main.storyboard */; };
		5B4B15E82285C65900188DE3 /* Assets.xcassets in Resources */ = {isa = PBXBuildFile; fileRef = 5B4B15E72285C65900188DE3 /* Assets.xcassets */; };
		5B4B15EB2285C65900188DE3 /* LaunchScreen.storyboard in Resources */ = {isa = PBXBuildFile; fileRef = 5B4B15E92285C65900188DE3 /* LaunchScreen.storyboard */; };
		5B4B15F62285C65900188DE3 /* CupcakeShopAppTests.swift in Sources */ = {isa = PBXBuildFile; fileRef = 5B4B15F52285C65900188DE3 /* CupcakeShopAppTests.swift */; };
		5B4B16012285C65900188DE3 /* CupcakeShopAppUITests.swift in Sources */ = {isa = PBXBuildFile; fileRef = 5B4B16002285C65900188DE3 /* CupcakeShopAppUITests.swift */; };
/* End PBXBuildFile section */

/* Begin PBXContainerItemProxy section */
		5B4B15F22285C65900188DE3 /* PBXContainerItemProxy */ = {
			isa = PBXContainerItemProxy;
			containerPortal = 5B4B15D52285C65700188DE3 /* Project object */;
			proxyType = 1;
			remoteGlobalIDString = 5B4B15DC2285C65700188DE3;
			remoteInfo = CupcakeShopApp;
		};
		5B4B15FD2285C65900188DE3 /* PBXContainerItemProxy */ = {
			isa = PBXContainerItemProxy;
			containerPortal = 5B4B15D52285C65700188DE3 /* Project object */;
			proxyType = 1;
			remoteGlobalIDString = 5B4B15DC2285C65700188DE3;
			remoteInfo = CupcakeShopApp;
		};
/* End PBXContainerItemProxy section */

/* Begin PBXFileReference section */
		5B4B15DD2285C65700188DE3 /* CupcakeShopApp.app */ = {isa = PBXFileReference; explicitFileType = wrapper.application; includeInIndex = 0; path = CupcakeShopApp.app; sourceTree = BUILT_PRODUCTS_DIR; };
		5B4B15E02285C65700188DE3 /* AppDelegate.swift */ = {isa = PBXFileReference; lastKnownFileType = sourcecode.swift; path = AppDelegate.swift; sourceTree = "<group>"; };
		5B4B15E22285C65700188DE3 /* ViewController.swift */ = {isa = PBXFileReference; lastKnownFileType = sourcecode.swift; path = ViewController.swift; sourceTree = "<group>"; };
		5B4B15E52285C65700188DE3 /* Base */ = {isa = PBXFileReference; lastKnownFileType = file.storyboard; name = Base; path = Base.lproj/Main.storyboard; sourceTree = "<group>"; };
		5B4B15E72285C65900188DE3 /* Assets.xcassets */ = {isa = PBXFileReference; lastKnownFileType = folder.assetcatalog; path = Assets.xcassets; sourceTree = "<group>"; };
		5B4B15EA2285C65900188DE3 /* Base */ = {isa = PBXFileReference; lastKnownFileType = file.storyboard; name = Base; path = Base.lproj/LaunchScreen.storyboard; sourceTree = "<group>"; };
		5B4B15EC2285C65900188DE3 /* Info.plist */ = {isa = PBXFileReference; lastKnownFileType = text.plist.xml; path = Info.plist; sourceTree = "<group>"; };
		5B4B15F12285C65900188DE3 /* CupcakeShopAppTests.xctest */ = {isa = PBXFileReference; explicitFileType = wrapper.cfbundle; includeInIndex = 0; path = CupcakeShopAppTests.xctest; sourceTree = BUILT_PRODUCTS_DIR; };
		5B4B15F52285C65900188DE3 /* CupcakeShopAppTests.swift */ = {isa = PBXFileReference; lastKnownFileType = sourcecode.swift; path = CupcakeShopAppTests.swift; sourceTree = "<group>"; };
		5B4B15F72285C65900188DE3 /* Info.plist */ = {isa = PBXFileReference; lastKnownFileType = text.plist.xml; path = Info.plist; sourceTree = "<group>"; };
		5B4B15FC2285C65900188DE3 /* CupcakeShopAppUITests.xctest */ = {isa = PBXFileReference; explicitFileType = wrapper.cfbundle; includeInIndex = 0; path = CupcakeShopAppUITests.xctest; sourceTree = BUILT_PRODUCTS_DIR; };
		5B4B16002285C65900188DE3 /* CupcakeShopAppUITests.swift */ = {isa = PBXFileReference; lastKnownFileType = sourcecode.swift; path = CupcakeShopAppUITests.swift; sourceTree = "<group>"; };
		5B4B16022285C65900188DE3 /* Info.plist */ = {isa = PBXFileReference; lastKnownFileType = text.plist.xml; path = Info.plist; sourceTree = "<group>"; };
/* End PBXFileReference section */

/* Begin PBXFrameworksBuildPhase section */
		5B4B15DA2285C65700188DE3 /* Frameworks */ = {
			isa = PBXFrameworksBuildPhase;
			buildActionMask = 2147483647;
			files = (
			);
			runOnlyForDeploymentPostprocessing = 0;
		};
		5B4B15EE2285C65900188DE3 /* Frameworks */ = {
			isa = PBXFrameworksBuildPhase;
			buildActionMask = 2147483647;
			files = (
			);
			runOnlyForDeploymentPostprocessing = 0;
		};
		5B4B15F92285C65900188DE3 /* Frameworks */ = {
			isa = PBXFrameworksBuildPhase;
			buildActionMask = 2147483647;
			files = (
			);
			runOnlyForDeploymentPostprocessing = 0;
		};
/* End PBXFrameworksBuildPhase section */

/* Begin PBXGroup section */
		5B4B15D42285C65700188DE3 = {
			isa = PBXGroup;
			children = (
				5B4B15DF2285C65700188DE3 /* CupcakeShopApp */,
				5B4B15F42285C65900188DE3 /* CupcakeShopAppTests */,
				5B4B15FF2285C65900188DE3 /* CupcakeShopAppUITests */,
				5B4B15DE2285C65700188DE3 /* Products */,
			);
			sourceTree = "<group>";
		};
		5B4B15DE2285C65700188DE3 /* Products */ = {
			isa = PBXGroup;
			children = (
				5B4B15DD2285C65700188DE3 /* CupcakeShopApp.app */,
				5B4B15F12285C65900188DE3 /* CupcakeShopAppTests.xctest */,
				5B4B15FC2285C65900188DE3 /* CupcakeShopAppUITests.xctest */,
			);
			name = Products;
			sourceTree = "<group>";
		};
		5B4B15DF2285C65700188DE3 /* CupcakeShopApp */ = {
			isa = PBXGroup;
			children = (
				5B4B15E02285C65700188DE3 /* AppDelegate.swift */,
				5B4B15E22285C65700188DE3 /* ViewController.swift */,
				5B4B15E42285C65700188DE3 /* Main.storyboard */,
				5B4B15E72285C65900188DE3 /* Assets.xcassets */,
				5B4B15E92285C65900188DE3 /* LaunchScreen.storyboard */,
				5B4B15EC2285C65900188DE3 /* Info.plist */,
			);
			path = CupcakeShopApp;
			sourceTree = "<group>";
		};
		5B4B15F42285C65900188DE3 /* CupcakeShopAppTests */ = {
			isa = PBXGroup;
			children = (
				5B4B15F52285C65900188DE3 /* CupcakeShopAppTests.swift */,
				5B4B15F72285C65900188DE3 /* Info.plist */,
			);
			path = CupcakeShopAppTests;
			sourceTree = "<group>";
		};
		5B4B15FF2285C65900188DE3 /* CupcakeShopAppUITests */ = {
			isa = PBXGroup;
			children = (
				5B4B16002285C65900188DE3 /* CupcakeShopAppUITests.swift */,
				5B4B16022285C65900188DE3 /* Info.plist */,
			);
			path = CupcakeShopAppUITests;
			sourceTree = "<group>";
		};
/* End PBXGroup section */

/* Begin PBXNativeTarget section */
		5B4B15DC2285C65700188DE3 /* CupcakeShopApp */ = {
			isa = PBXNativeTarget;
			buildConfigurationList = 5B4B16052285C65900188DE3 /* Build configuration list for PBXNativeTarget "CupcakeShopApp" */;
			buildPhases = (
				5B4B15D92285C65700188DE3 /* Sources */,
				5B4B15DA2285C65700188DE3 /* Frameworks */,
				5B4B15DB2285C65700188DE3 /* Resources */,
			);
			buildRules = (
			);
			dependencies = (
			);
			name = CupcakeShopApp;
			productName = CupcakeShopApp;
			productReference = 5B4B15DD2285C65700188DE3 /* CupcakeShopApp.app */;
			productType = "com.apple.product-type.application";
		};
		5B4B15F02285C65900188DE3 /* CupcakeShopAppTests */ = {
			isa = PBXNativeTarget;
			buildConfigurationList = 5B4B16082285C65900188DE3 /* Build configuration list for PBXNativeTarget "CupcakeShopAppTests" */;
			buildPhases = (
				5B4B15ED2285C65900188DE3 /* Sources */,
				5B4B15EE2285C65900188DE3 /* Frameworks */,
				5B4B15EF2285C65900188DE3 /* Resources */,
			);
			buildRules = (
			);
			dependencies = (
				5B4B15F32285C65900188DE3 /* PBXTargetDependency */,
			);
			name = CupcakeShopAppTests;
			productName = CupcakeShopAppTests;
			productReference = 5B4B15F12285C65900188DE3 /* CupcakeShopAppTests.xctest */;
			productType = "com.apple.product-type.bundle.unit-test";
		};
		5B4B15FB2285C65900188DE3 /* CupcakeShopAppUITests */ = {
			isa = PBXNativeTarget;
			buildConfigurationList = 5B4B160B2285C65900188DE3 /* Build configuration list for PBXNativeTarget "CupcakeShopAppUITests" */;
			buildPhases = (
				5B4B15F82285C65900188DE3 /* Sources */,
				5B4B15F92285C65900188DE3 /* Frameworks */,
				5B4B15FA2285C65900188DE3 /* Resources */,
			);
			buildRules = (
			);
			dependencies = (
				5B4B15FE2285C65900188DE3 /* PBXTargetDependency */,
			);
			name = CupcakeShopAppUITests;
			productName = CupcakeShopAppUITests;
			productReference = 5B4B15FC2285C65900188DE3 /* CupcakeShopAppUITests.xctest */;
			productType = "com.apple.product-type.bundle.ui-testing";
		};
/* End PBXNativeTarget section */

/* Begin PBXProject section */
		5B4B15D52285C65700188DE3 /* Project object */ = {
			isa = PBXProject;
			attributes = {
				LastSwiftUpdateCheck = 1020;
				LastUpgradeCheck = 1020;
				ORGANIZATIONNAME = Gunter;
				TargetAttributes = {
					5B4B15DC2285C65700188DE3 = {
						CreatedOnToolsVersion = 10.2.1;
					};
					5B4B15F02285C65900188DE3 = {
						CreatedOnToolsVersion = 10.2.1;
						TestTargetID = 5B4B15DC2285C65700188DE3;
					};
					5B4B15FB2285C65900188DE3 = {
						CreatedOnToolsVersion = 10.2.1;
						TestTargetID = 5B4B15DC2285C65700188DE3;
					};
				};
			};
			buildConfigurationList = 5B4B15D82285C65700188DE3 /* Build configuration list for PBXProject "CupcakeShopApp" */;
			compatibilityVersion = "Xcode 9.3";
			developmentRegion = en;
			hasScannedForEncodings = 0;
			knownRegions = (
				en,
				Base,
			);
			mainGroup = 5B4B15D42285C65700188DE3;
			productRefGroup = 5B4B15DE2285C65700188DE3 /* Products */;
			projectDirPath = "";
			projectRoot = "";
			targets = (
				5B4B15DC2285C65700188DE3 /* CupcakeShopApp */,
				5B4B15F02285C65900188DE3 /* CupcakeShopAppTests */,
				5B4B15FB2285C65900188DE3 /* CupcakeShopAppUITests */,
			);
		};
/* End PBXProject section */

/* Begin PBXResourcesBuildPhase section */
		5B4B15DB2285C65700188DE3 /* Resources */ = {
			isa = PBXResourcesBuildPhase;
			buildActionMask = 2147483647;
			files = (
				5B4B15EB2285C65900188DE3 /* LaunchScreen.storyboard in Resources */,
				5B4B15E82285C65900188DE3 /* Assets.xcassets in Resources */,
				5B4B15E62285C65700188DE3 /* Main.storyboard in Resources */,
			);
			runOnlyForDeploymentPostprocessing = 0;
		};
		5B4B15EF2285C65900188DE3 /* Resources */ = {
			isa = PBXResourcesBuildPhase;
			buildActionMask = 2147483647;
			files = (
			);
			runOnlyForDeploymentPostprocessing = 0;
		};
		5B4B15FA2285C65900188DE3 /* Resources */ = {
			isa = PBXResourcesBuildPhase;
			buildActionMask = 2147483647;
			files = (
			);
			runOnlyForDeploymentPostprocessing = 0;
		};
/* End PBXResourcesBuildPhase section */

/* Begin PBXSourcesBuildPhase section */
		5B4B15D92285C65700188DE3 /* Sources */ = {
			isa = PBXSourcesBuildPhase;
			buildActionMask = 2147483647;
			files = (
				5B4B15E32285C65700188DE3 /* ViewController.swift in Sources */,
				5B4B15E12285C65700188DE3 /* AppDelegate.swift in Sources */,
			);
			runOnlyForDeploymentPostprocessing = 0;
		};
		5B4B15ED2285C65900188DE3 /* Sources */ = {
			isa = PBXSourcesBuildPhase;
			buildActionMask = 2147483647;
			files = (
				5B4B15F62285C65900188DE3 /* CupcakeShopAppTests.swift in Sources */,
			);
			runOnlyForDeploymentPostprocessing = 0;
		};
		5B4B15F82285C65900188DE3 /* Sources */ = {
			isa = PBXSourcesBuildPhase;
			buildActionMask = 2147483647;
			files = (
				5B4B16012285C65900188DE3 /* CupcakeShopAppUITests.swift in Sources */,
			);
			runOnlyForDeploymentPostprocessing = 0;
		};
/* End PBXSourcesBuildPhase section */

/* Begin PBXTargetDependency section */
		5B4B15F32285C65900188DE3 /* PBXTargetDependency */ = {
			isa = PBXTargetDependency;
			target = 5B4B15DC2285C65700188DE3 /* CupcakeShopApp */;
			targetProxy = 5B4B15F22285C65900188DE3 /* PBXContainerItemProxy */;
		};
		5B4B15FE2285C65900188DE3 /* PBXTargetDependency */ = {
			isa = PBXTargetDependency;
			target = 5B4B15DC2285C65700188DE3 /* CupcakeShopApp */;
			targetProxy = 5B4B15FD2285C65900188DE3 /* PBXContainerItemProxy */;
		};
/* End PBXTargetDependency section */

/* Begin PBXVariantGroup section */
		5B4B15E42285C65700188DE3 /* Main.storyboard */ = {
			isa = PBXVariantGroup;
			children = (
				5B4B15E52285C65700188DE3 /* Base */,
			);
			name = Main.storyboard;
			sourceTree = "<group>";
		};
		5B4B15E92285C65900188DE3 /* LaunchScreen.storyboard */ = {
			isa = PBXVariantGroup;
			children = (
				5B4B15EA2285C65900188DE3 /* Base */,
			);
			name = LaunchScreen.storyboard;
			sourceTree = "<group>";
		};
/* End PBXVariantGroup section */

/* Begin XCBuildConfiguration section */
		5B4B16032285C65900188DE3 /* Debug */ = {
			isa = XCBuildConfiguration;
			buildSettings = {
				ALWAYS_SEARCH_USER_PATHS = NO;
				CLANG_ANALYZER_NONNULL = YES;
				CLANG_ANALYZER_NUMBER_OBJECT_CONVERSION = YES_AGGRESSIVE;
				CLANG_CXX_LANGUAGE_STANDARD = "gnu++14";
				CLANG_CXX_LIBRARY = "libc++";
				CLANG_ENABLE_MODULES = YES;
				CLANG_ENABLE_OBJC_ARC = YES;
				CLANG_ENABLE_OBJC_WEAK = YES;
				CLANG_WARN_BLOCK_CAPTURE_AUTORELEASING = YES;
				CLANG_WARN_BOOL_CONVERSION = YES;
				CLANG_WARN_COMMA = YES;
				CLANG_WARN_CONSTANT_CONVERSION = YES;
				CLANG_WARN_DEPRECATED_OBJC_IMPLEMENTATIONS = YES;
				CLANG_WARN_DIRECT_OBJC_ISA_USAGE = YES_ERROR;
				CLANG_WARN_DOCUMENTATION_COMMENTS = YES;
				CLANG_WARN_EMPTY_BODY = YES;
				CLANG_WARN_ENUM_CONVERSION = YES;
				CLANG_WARN_INFINITE_RECURSION = YES;
				CLANG_WARN_INT_CONVERSION = YES;
				CLANG_WARN_NON_LITERAL_NULL_CONVERSION = YES;
				CLANG_WARN_OBJC_IMPLICIT_RETAIN_SELF = YES;
				CLANG_WARN_OBJC_LITERAL_CONVERSION = YES;
				CLANG_WARN_OBJC_ROOT_CLASS = YES_ERROR;
				CLANG_WARN_RANGE_LOOP_ANALYSIS = YES;
				CLANG_WARN_STRICT_PROTOTYPES = YES;
				CLANG_WARN_SUSPICIOUS_MOVE = YES;
				CLANG_WARN_UNGUARDED_AVAILABILITY = YES_AGGRESSIVE;
				CLANG_WARN_UNREACHABLE_CODE = YES;
				CLANG_WARN__DUPLICATE_METHOD_MATCH = YES;
				CODE_SIGN_IDENTITY = "iPhone Developer";
				COPY_PHASE_STRIP = NO;
				DEBUG_INFORMATION_FORMAT = dwarf;
				ENABLE_STRICT_OBJC_MSGSEND = YES;
				ENABLE_TESTABILITY = YES;
				GCC_C_LANGUAGE_STANDARD = gnu11;
				GCC_DYNAMIC_NO_PIC = NO;
				GCC_NO_COMMON_BLOCKS = YES;
				GCC_OPTIMIZATION_LEVEL = 0;
				GCC_PREPROCESSOR_DEFINITIONS = (
					"DEBUG=1",
					"$(inherited)",
				);
				GCC_WARN_64_TO_32_BIT_CONVERSION = YES;
				GCC_WARN_ABOUT_RETURN_TYPE = YES_ERROR;
				GCC_WARN_UNDECLARED_SELECTOR = YES;
				GCC_WARN_UNINITIALIZED_AUTOS = YES_AGGRESSIVE;
				GCC_WARN_UNUSED_FUNCTION = YES;
				GCC_WARN_UNUSED_VARIABLE = YES;
				IPHONEOS_DEPLOYMENT_TARGET = 12.2;
				MTL_ENABLE_DEBUG_INFO = INCLUDE_SOURCE;
				MTL_FAST_MATH = YES;
				ONLY_ACTIVE_ARCH = YES;
				SDKROOT = iphoneos;
				SWIFT_ACTIVE_COMPILATION_CONDITIONS = DEBUG;
				SWIFT_OPTIMIZATION_LEVEL = "-Onone";
			};
			name = Debug;
		};
		5B4B16042285C65900188DE3 /* Release */ = {
			isa = XCBuildConfiguration;
			buildSettings = {
				ALWAYS_SEARCH_USER_PATHS = NO;
				CLANG_ANALYZER_NONNULL = YES;
				CLANG_ANALYZER_NUMBER_OBJECT_CONVERSION = YES_AGGRESSIVE;
				CLANG_CXX_LANGUAGE_STANDARD = "gnu++14";
				CLANG_CXX_LIBRARY = "libc++";
				CLANG_ENABLE_MODULES = YES;
				CLANG_ENABLE_OBJC_ARC = YES;
				CLANG_ENABLE_OBJC_WEAK = YES;
				CLANG_WARN_BLOCK_CAPTURE_AUTORELEASING = YES;
				CLANG_WARN_BOOL_CONVERSION = YES;
				CLANG_WARN_COMMA = YES;
				CLANG_WARN_CONSTANT_CONVERSION = YES;
				CLANG_WARN_DEPRECATED_OBJC_IMPLEMENTATIONS = YES;
				CLANG_WARN_DIRECT_OBJC_ISA_USAGE = YES_ERROR;
				CLANG_WARN_DOCUMENTATION_COMMENTS = YES;
				CLANG_WARN_EMPTY_BODY = YES;
				CLANG_WARN_ENUM_CONVERSION = YES;
				CLANG_WARN_INFINITE_RECURSION = YES;
				CLANG_WARN_INT_CONVERSION = YES;
				CLANG_WARN_NON_LITERAL_NULL_CONVERSION = YES;
				CLANG_WARN_OBJC_IMPLICIT_RETAIN_SELF = YES;
				CLANG_WARN_OBJC_LITERAL_CONVERSION = YES;
				CLANG_WARN_OBJC_ROOT_CLASS = YES_ERROR;
				CLANG_WARN_RANGE_LOOP_ANALYSIS = YES;
				CLANG_WARN_STRICT_PROTOTYPES = YES;
				CLANG_WARN_SUSPICIOUS_MOVE = YES;
				CLANG_WARN_UNGUARDED_AVAILABILITY = YES_AGGRESSIVE;
				CLANG_WARN_UNREACHABLE_CODE = YES;
				CLANG_WARN__DUPLICATE_METHOD_MATCH = YES;
				CODE_SIGN_IDENTITY = "iPhone Developer";
				COPY_PHASE_STRIP = NO;
				DEBUG_INFORMATION_FORMAT = "dwarf-with-dsym";
				ENABLE_NS_ASSERTIONS = NO;
				ENABLE_STRICT_OBJC_MSGSEND = YES;
				GCC_C_LANGUAGE_STANDARD = gnu11;
				GCC_NO_COMMON_BLOCKS = YES;
				GCC_WARN_64_TO_32_BIT_CONVERSION = YES;
				GCC_WARN_ABOUT_RETURN_TYPE = YES_ERROR;
				GCC_WARN_UNDECLARED_SELECTOR = YES;
				GCC_WARN_UNINITIALIZED_AUTOS = YES_AGGRESSIVE;
				GCC_WARN_UNUSED_FUNCTION = YES;
				GCC_WARN_UNUSED_VARIABLE = YES;
				IPHONEOS_DEPLOYMENT_TARGET = 12.2;
				MTL_ENABLE_DEBUG_INFO = NO;
				MTL_FAST_MATH = YES;
				SDKROOT = iphoneos;
				SWIFT_COMPILATION_MODE = wholemodule;
				SWIFT_OPTIMIZATION_LEVEL = "-O";
				VALIDATE_PRODUCT = YES;
			};
			name = Release;
		};
		5B4B16062285C65900188DE3 /* Debug */ = {
			isa = XCBuildConfiguration;
			buildSettings = {
				ASSETCATALOG_COMPILER_APPICON_NAME = AppIcon;
				CODE_SIGN_STYLE = Automatic;
				DEVELOPMENT_TEAM = VP4B82579F;
				INFOPLIST_FILE = CupcakeShopApp/Info.plist;
				LD_RUNPATH_SEARCH_PATHS = (
					"$(inherited)",
					"@executable_path/Frameworks",
				);
				PRODUCT_BUNDLE_IDENTIFIER = kr.co.ddd.CupcakeShopApp;
				PRODUCT_NAME = "$(TARGET_NAME)";
				SWIFT_VERSION = 5.0;
				TARGETED_DEVICE_FAMILY = "1,2";
			};
			name = Debug;
		};
		5B4B16072285C65900188DE3 /* Release */ = {
			isa = XCBuildConfiguration;
			buildSettings = {
				ASSETCATALOG_COMPILER_APPICON_NAME = AppIcon;
				CODE_SIGN_STYLE = Automatic;
				DEVELOPMENT_TEAM = VP4B82579F;
				INFOPLIST_FILE = CupcakeShopApp/Info.plist;
				LD_RUNPATH_SEARCH_PATHS = (
					"$(inherited)",
					"@executable_path/Frameworks",
				);
				PRODUCT_BUNDLE_IDENTIFIER = kr.co.ddd.CupcakeShopApp;
				PRODUCT_NAME = "$(TARGET_NAME)";
				SWIFT_VERSION = 5.0;
				TARGETED_DEVICE_FAMILY = "1,2";
			};
			name = Release;
		};
		5B4B16092285C65900188DE3 /* Debug */ = {
			isa = XCBuildConfiguration;
			buildSettings = {
				ALWAYS_EMBED_SWIFT_STANDARD_LIBRARIES = YES;
				BUNDLE_LOADER = "$(TEST_HOST)";
				CODE_SIGN_STYLE = Automatic;
				DEVELOPMENT_TEAM = VP4B82579F;
				INFOPLIST_FILE = CupcakeShopAppTests/Info.plist;
				LD_RUNPATH_SEARCH_PATHS = (
					"$(inherited)",
					"@executable_path/Frameworks",
					"@loader_path/Frameworks",
				);
				PRODUCT_BUNDLE_IDENTIFIER = kr.co.ddd.CupcakeShopAppTests;
				PRODUCT_NAME = "$(TARGET_NAME)";
				SWIFT_VERSION = 5.0;
				TARGETED_DEVICE_FAMILY = "1,2";
				TEST_HOST = "$(BUILT_PRODUCTS_DIR)/CupcakeShopApp.app/CupcakeShopApp";
			};
			name = Debug;
		};
		5B4B160A2285C65900188DE3 /* Release */ = {
			isa = XCBuildConfiguration;
			buildSettings = {
				ALWAYS_EMBED_SWIFT_STANDARD_LIBRARIES = YES;
				BUNDLE_LOADER = "$(TEST_HOST)";
				CODE_SIGN_STYLE = Automatic;
				DEVELOPMENT_TEAM = VP4B82579F;
				INFOPLIST_FILE = CupcakeShopAppTests/Info.plist;
				LD_RUNPATH_SEARCH_PATHS = (
					"$(inherited)",
					"@executable_path/Frameworks",
					"@loader_path/Frameworks",
				);
				PRODUCT_BUNDLE_IDENTIFIER = kr.co.ddd.CupcakeShopAppTests;
				PRODUCT_NAME = "$(TARGET_NAME)";
				SWIFT_VERSION = 5.0;
				TARGETED_DEVICE_FAMILY = "1,2";
				TEST_HOST = "$(BUILT_PRODUCTS_DIR)/CupcakeShopApp.app/CupcakeShopApp";
			};
			name = Release;
		};
		5B4B160C2285C65900188DE3 /* Debug */ = {
			isa = XCBuildConfiguration;
			buildSettings = {
				ALWAYS_EMBED_SWIFT_STANDARD_LIBRARIES = YES;
				CODE_SIGN_STYLE = Automatic;
				DEVELOPMENT_TEAM = VP4B82579F;
				INFOPLIST_FILE = CupcakeShopAppUITests/Info.plist;
				LD_RUNPATH_SEARCH_PATHS = (
					"$(inherited)",
					"@executable_path/Frameworks",
					"@loader_path/Frameworks",
				);
				PRODUCT_BUNDLE_IDENTIFIER = kr.co.ddd.CupcakeShopAppUITests;
				PRODUCT_NAME = "$(TARGET_NAME)";
				SWIFT_VERSION = 5.0;
				TARGETED_DEVICE_FAMILY = "1,2";
				TEST_TARGET_NAME = CupcakeShopApp;
			};
			name = Debug;
		};
		5B4B160D2285C65900188DE3 /* Release */ = {
			isa = XCBuildConfiguration;
			buildSettings = {
				ALWAYS_EMBED_SWIFT_STANDARD_LIBRARIES = YES;
				CODE_SIGN_STYLE = Automatic;
				DEVELOPMENT_TEAM = VP4B82579F;
				INFOPLIST_FILE = CupcakeShopAppUITests/Info.plist;
				LD_RUNPATH_SEARCH_PATHS = (
					"$(inherited)",
					"@executable_path/Frameworks",
					"@loader_path/Frameworks",
				);
				PRODUCT_BUNDLE_IDENTIFIER = kr.co.ddd.CupcakeShopAppUITests;
				PRODUCT_NAME = "$(TARGET_NAME)";
				SWIFT_VERSION = 5.0;
				TARGETED_DEVICE_FAMILY = "1,2";
				TEST_TARGET_NAME = CupcakeShopApp;
			};
			name = Release;
		};
/* End XCBuildConfiguration section */

/* Begin XCConfigurationList section */
		5B4B15D82285C65700188DE3 /* Build configuration list for PBXProject "CupcakeShopApp" */ = {
			isa = XCConfigurationList;
			buildConfigurations = (
				5B4B16032285C65900188DE3 /* Debug */,
				5B4B16042285C65900188DE3 /* Release */,
			);
			defaultConfigurationIsVisible = 0;
			defaultConfigurationName = Release;
		};
		5B4B16052285C65900188DE3 /* Build configuration list for PBXNativeTarget "CupcakeShopApp" */ = {
			isa = XCConfigurationList;
			buildConfigurations = (
				5B4B16062285C65900188DE3 /* Debug */,
				5B4B16072285C65900188DE3 /* Release */,
			);
			defaultConfigurationIsVisible = 0;
			defaultConfigurationName = Release;
		};
		5B4B16082285C65900188DE3 /* Build configuration list for PBXNativeTarget "CupcakeShopAppTests" */ = {
			isa = XCConfigurationList;
			buildConfigurations = (
				5B4B16092285C65900188DE3 /* Debug */,
				5B4B160A2285C65900188DE3 /* Release */,
			);
			defaultConfigurationIsVisible = 0;
			defaultConfigurationName = Release;
		};
		5B4B160B2285C65900188DE3 /* Build configuration list for PBXNativeTarget "CupcakeShopAppUITests" */ = {
			isa = XCConfigurationList;
			buildConfigurations = (
				5B4B160C2285C65900188DE3 /* Debug */,
				5B4B160D2285C65900188DE3 /* Release */,
			);
			defaultConfigurationIsVisible = 0;
			defaultConfigurationName = Release;
		};
/* End XCConfigurationList section */
	};
	rootObject = 5B4B15D52285C65700188DE3 /* Project object */;
}
